
Microsoft Visual Studio Solution File, Format Version 12.00
# 17
VisualStudioVersion = 17.10.35013.160
MinimumVisualStudioVersion = 10.0.40219.1
Project("{9A19103F-16F7-4668-BE54-9A1E7A4F7556}") = "LLC_MOD_Toolbox", "LLC_MOD_Toolbox.csproj", "{67CD634B-52DA-4C7A-BB24-FC3475670AC2}"
EndProject
Global
	GlobalSection(SolutionConfigurationPlatforms) = preSolution
		Debug|Any CPU = Debug|Any CPUAdd commentMore actions
		Release|Any CPU = Release|Any CPU
	EndGlobalSection
	GlobalSection(ProjectConfigurationPlatforms) = postSolution
		{67CD634B-52DA-4C7A-BB24-FC3475670AC2}.Debug|Any CPU.ActiveCfg = Debug|Any CPU
		{67CD634B-52DA-4C7A-BB24-FC3475670AC2}.Debug|Any CPU.Build.0 = Debug|Any CPU
		{67CD634B-52DA-4C7A-BB24-FC3475670AC2}.Release|Any CPU.ActiveCfg = Release|Any CPU
		{67CD634B-52DA-4C7A-BB24-FC3475670AC2}.Release|Any CPU.Build.0 = Release|Any CPU
	EndGlobalSection
	GlobalSection(SolutionProperties) = preSolution
		HideSolutionNode = FALSE
	EndGlobalSection
	GlobalSection(ExtensibilityGlobals) = postSolution
		SolutionGuid = {56A20C3A-FC1C-4F77-9ED3-FB633D6C59F1}
	EndGlobalSection
EndGlobal
