
Microsoft Visual Studio Solution File, Format Version 12.00
# Visual Studio Version 17
VisualStudioVersion = 17.5.33516.290
MinimumVisualStudioVersion = 10.0.40219.1
Project("{9A19103F-16F7-4668-BE54-9A1E7A4F7556}") = "LLC_MOD_Toolbox", "src\LLC_MOD_Toolbox.csproj", "{0FDDB925-7F42-4412-AA76-4E942CD05D53}"
EndProject
Global
	GlobalSection(SolutionConfigurationPlatforms) = preSolution
		Debug|Any CPU = Debug|Any CPU
		Release|Any CPU = Release|Any CPU
	EndGlobalSection
	GlobalSection(ProjectConfigurationPlatforms) = postSolution
		{0FDDB925-7F42-4412-AA76-4E942CD05D53}.Debug|Any CPU.ActiveCfg = Debug|Any CPU
		{0FDDB925-7F42-4412-AA76-4E942CD05D53}.Debug|Any CPU.Build.0 = Debug|Any CPU
		{0FDDB925-7F42-4412-AA76-4E942CD05D53}.Release|Any CPU.ActiveCfg = Release|Any CPU
		{0FDDB925-7F42-4412-AA76-4E942CD05D53}.Release|Any CPU.Build.0 = Release|Any CPU
	EndGlobalSection
	GlobalSection(SolutionProperties) = preSolution
		HideSolutionNode = FALSE
	EndGlobalSection
	GlobalSection(ExtensibilityGlobals) = postSolution
		SolutionGuid = {05DEF53C-21D1-482F-9964-A427FDEA2FAA}
	EndGlobalSection
EndGlobal
