
Microsoft Visual Studio Solution File, Format Version 12.00
# Visual Studio Version 17
VisualStudioVersion = 17.10.35013.160
MinimumVisualStudioVersion = 10.0.40219.1
Project("{FAE04EC0-301F-11D3-BF4B-00C04F79EFBC}") = "LLC_MOD_Toolbox_MeowVer", "LLC_MOD_Toolbox_MeowVer\LLC_MOD_Toolbox_MeowVer.csproj", "{F7C23D50-ABE3-418D-A2B6-30C93A97AD06}"
EndProject
Global
	GlobalSection(SolutionConfigurationPlatforms) = preSolution
		Debug|Any CPU = Debug|Any CPU
		Release|Any CPU = Release|Any CPU
	EndGlobalSection
	GlobalSection(ProjectConfigurationPlatforms) = postSolution
		{F7C23D50-ABE3-418D-A2B6-30C93A97AD06}.Debug|Any CPU.ActiveCfg = Debug|Any CPU
		{F7C23D50-ABE3-418D-A2B6-30C93A97AD06}.Debug|Any CPU.Build.0 = Debug|Any CPU
		{F7C23D50-ABE3-418D-A2B6-30C93A97AD06}.Release|Any CPU.ActiveCfg = Release|Any CPU
		{F7C23D50-ABE3-418D-A2B6-30C93A97AD06}.Release|Any CPU.Build.0 = Release|Any CPU
	EndGlobalSection
	GlobalSection(SolutionProperties) = preSolution
		HideSolutionNode = FALSE
	EndGlobalSection
	GlobalSection(ExtensibilityGlobals) = postSolution
		SolutionGuid = {04389143-CAD5-4CB7-9FE4-480BB357B196}
	EndGlobalSection
EndGlobal
